
Microsoft Visual Studio Solution File, Format Version 12.00
# Visual Studio Version 17
VisualStudioVersion = 17.5.33424.131
MinimumVisualStudioVersion = 10.0.40219.1
Project("{8BC9CEB8-8B4A-11D0-8D11-00A0C91BC942}") = "oop static", "oop static\oop static.vcxproj", "{F551EF22-2112-4275-B0C1-D333F12F5B5C}"
EndProject
Project("{8BC9CEB8-8B4A-11D0-8D11-00A0C91BC942}") = "mbrstaticfunc", "mbrstaticfrnc\mbrstaticfrnc.vcxproj", "{12409BE8-47BC-474B-AD5C-B05C97C8C780}"
EndProject
Project("{8BC9CEB8-8B4A-11D0-8D11-00A0C91BC942}") = "destructor", "destructor\destructor.vcxproj", "{AF01FC1C-38A4-40A7-8796-FDBCF12F828E}"
EndProject
Project("{8BC9CEB8-8B4A-11D0-8D11-00A0C91BC942}") = "konstruktor", "konstruktor\konstruktor.vcxproj", "{214DAE81-5756-444E-B5BA-F4BC593AD234}"
EndProject
Project("{8BC9CEB8-8B4A-11D0-8D11-00A0C91BC942}") = "chain function", "chain function\chain function.vcxproj", "{CE242F92-FC8A-422B-B344-BFCC6A058B14}"
EndProject
Global
	GlobalSection(SolutionConfigurationPlatforms) = preSolution
		Debug|x64 = Debug|x64
		Debug|x86 = Debug|x86
		Release|x64 = Release|x64
		Release|x86 = Release|x86
	EndGlobalSection
	GlobalSection(ProjectConfigurationPlatforms) = postSolution
		{F551EF22-2112-4275-B0C1-D333F12F5B5C}.Debug|x64.ActiveCfg = Debug|x64
		{F551EF22-2112-4275-B0C1-D333F12F5B5C}.Debug|x64.Build.0 = Debug|x64
		{F551EF22-2112-4275-B0C1-D333F12F5B5C}.Debug|x86.ActiveCfg = Debug|Win32
		{F551EF22-2112-4275-B0C1-D333F12F5B5C}.Debug|x86.Build.0 = Debug|Win32
		{F551EF22-2112-4275-B0C1-D333F12F5B5C}.Release|x64.ActiveCfg = Release|x64
		{F551EF22-2112-4275-B0C1-D333F12F5B5C}.Release|x64.Build.0 = Release|x64
		{F551EF22-2112-4275-B0C1-D333F12F5B5C}.Release|x86.ActiveCfg = Release|Win32
		{F551EF22-2112-4275-B0C1-D333F12F5B5C}.Release|x86.Build.0 = Release|Win32
		{12409BE8-47BC-474B-AD5C-B05C97C8C780}.Debug|x64.ActiveCfg = Debug|x64
		{12409BE8-47BC-474B-AD5C-B05C97C8C780}.Debug|x64.Build.0 = Debug|x64
		{12409BE8-47BC-474B-AD5C-B05C97C8C780}.Debug|x86.ActiveCfg = Debug|Win32
		{12409BE8-47BC-474B-AD5C-B05C97C8C780}.Debug|x86.Build.0 = Debug|Win32
		{12409BE8-47BC-474B-AD5C-B05C97C8C780}.Release|x64.ActiveCfg = Release|x64
		{12409BE8-47BC-474B-AD5C-B05C97C8C780}.Release|x64.Build.0 = Release|x64
		{12409BE8-47BC-474B-AD5C-B05C97C8C780}.Release|x86.ActiveCfg = Release|Win32
		{12409BE8-47BC-474B-AD5C-B05C97C8C780}.Release|x86.Build.0 = Release|Win32
		{AF01FC1C-38A4-40A7-8796-FDBCF12F828E}.Debug|x64.ActiveCfg = Debug|x64
		{AF01FC1C-38A4-40A7-8796-FDBCF12F828E}.Debug|x64.Build.0 = Debug|x64
		{AF01FC1C-38A4-40A7-8796-FDBCF12F828E}.Debug|x86.ActiveCfg = Debug|Win32
		{AF01FC1C-38A4-40A7-8796-FDBCF12F828E}.Debug|x86.Build.0 = Debug|Win32
		{AF01FC1C-38A4-40A7-8796-FDBCF12F828E}.Release|x64.ActiveCfg = Release|x64
		{AF01FC1C-38A4-40A7-8796-FDBCF12F828E}.Release|x64.Build.0 = Release|x64
		{AF01FC1C-38A4-40A7-8796-FDBCF12F828E}.Release|x86.ActiveCfg = Release|Win32
		{AF01FC1C-38A4-40A7-8796-FDBCF12F828E}.Release|x86.Build.0 = Release|Win32
		{214DAE81-5756-444E-B5BA-F4BC593AD234}.Debug|x64.ActiveCfg = Debug|x64
		{214DAE81-5756-444E-B5BA-F4BC593AD234}.Debug|x64.Build.0 = Debug|x64
		{214DAE81-5756-444E-B5BA-F4BC593AD234}.Debug|x86.ActiveCfg = Debug|Win32
		{214DAE81-5756-444E-B5BA-F4BC593AD234}.Debug|x86.Build.0 = Debug|Win32
		{214DAE81-5756-444E-B5BA-F4BC593AD234}.Release|x64.ActiveCfg = Release|x64
		{214DAE81-5756-444E-B5BA-F4BC593AD234}.Release|x64.Build.0 = Release|x64
		{214DAE81-5756-444E-B5BA-F4BC593AD234}.Release|x86.ActiveCfg = Release|Win32
		{214DAE81-5756-444E-B5BA-F4BC593AD234}.Release|x86.Build.0 = Release|Win32
		{CE242F92-FC8A-422B-B344-BFCC6A058B14}.Debug|x64.ActiveCfg = Debug|x64
		{CE242F92-FC8A-422B-B344-BFCC6A058B14}.Debug|x64.Build.0 = Debug|x64
		{CE242F92-FC8A-422B-B344-BFCC6A058B14}.Debug|x86.ActiveCfg = Debug|Win32
		{CE242F92-FC8A-422B-B344-BFCC6A058B14}.Debug|x86.Build.0 = Debug|Win32
		{CE242F92-FC8A-422B-B344-BFCC6A058B14}.Release|x64.ActiveCfg = Release|x64
		{CE242F92-FC8A-422B-B344-BFCC6A058B14}.Release|x64.Build.0 = Release|x64
		{CE242F92-FC8A-422B-B344-BFCC6A058B14}.Release|x86.ActiveCfg = Release|Win32
		{CE242F92-FC8A-422B-B344-BFCC6A058B14}.Release|x86.Build.0 = Release|Win32
	EndGlobalSection
	GlobalSection(SolutionProperties) = preSolution
		HideSolutionNode = FALSE
	EndGlobalSection
	GlobalSection(ExtensibilityGlobals) = postSolution
		SolutionGuid = {514984E6-B430-4298-814D-9FBB43D56B55}
	EndGlobalSection
EndGlobal
